
Microsoft Visual Studio Solution File, Format Version 12.00
# Visual Studio Version 17
VisualStudioVersion = 17.10.34916.146
MinimumVisualStudioVersion = 10.0.40219.1
Project("{FAE04EC0-301F-11D3-BF4B-00C04F79EFBC}") = "crudApp.Server", "crudApp.Server\crudApp.Server.csproj", "{C800A211-C055-4DFA-BAC5-9CB9A02C3D29}"
EndProject
Project("{54A90642-561A-4BB1-A94E-469ADEE60C69}") = "crudapp.client", "crudapp.client\crudapp.client.esproj", "{6A20AAE3-62E0-41D8-A826-94A0B22EDB42}"
EndProject
Global
	GlobalSection(SolutionConfigurationPlatforms) = preSolution
		Debug|Any CPU = Debug|Any CPU
		Release|Any CPU = Release|Any CPU
	EndGlobalSection
	GlobalSection(ProjectConfigurationPlatforms) = postSolution
		{C800A211-C055-4DFA-BAC5-9CB9A02C3D29}.Debug|Any CPU.ActiveCfg = Debug|Any CPU
		{C800A211-C055-4DFA-BAC5-9CB9A02C3D29}.Debug|Any CPU.Build.0 = Debug|Any CPU
		{C800A211-C055-4DFA-BAC5-9CB9A02C3D29}.Release|Any CPU.ActiveCfg = Release|Any CPU
		{C800A211-C055-4DFA-BAC5-9CB9A02C3D29}.Release|Any CPU.Build.0 = Release|Any CPU
		{6A20AAE3-62E0-41D8-A826-94A0B22EDB42}.Debug|Any CPU.ActiveCfg = Debug|Any CPU
		{6A20AAE3-62E0-41D8-A826-94A0B22EDB42}.Debug|Any CPU.Build.0 = Debug|Any CPU
		{6A20AAE3-62E0-41D8-A826-94A0B22EDB42}.Debug|Any CPU.Deploy.0 = Debug|Any CPU
		{6A20AAE3-62E0-41D8-A826-94A0B22EDB42}.Release|Any CPU.ActiveCfg = Release|Any CPU
		{6A20AAE3-62E0-41D8-A826-94A0B22EDB42}.Release|Any CPU.Build.0 = Release|Any CPU
		{6A20AAE3-62E0-41D8-A826-94A0B22EDB42}.Release|Any CPU.Deploy.0 = Release|Any CPU
	EndGlobalSection
	GlobalSection(SolutionProperties) = preSolution
		HideSolutionNode = FALSE
	EndGlobalSection
	GlobalSection(ExtensibilityGlobals) = postSolution
		SolutionGuid = {B0E9D4FF-D630-4FD5-BDBE-377395EDEE38}
	EndGlobalSection
EndGlobal
